
Microsoft Visual Studio Solution File, Format Version 12.00
# Visual Studio Version 17
VisualStudioVersion = 17.1.32210.238
MinimumVisualStudioVersion = 10.0.40219.1
Project("{FAE04EC0-301F-11D3-BF4B-00C04F79EFBC}") = "ADD_Task_Time", "ADD_Task_Time.csproj", "{09D59F62-E282-4521-A2A1-E537C1243C0F}"
EndProject
Global
	GlobalSection(SolutionConfigurationPlatforms) = preSolution
		Debug|Any CPU = Debug|Any CPU
		Release|Any CPU = Release|Any CPU
	EndGlobalSection
	GlobalSection(ProjectConfigurationPlatforms) = postSolution
		{09D59F62-E282-4521-A2A1-E537C1243C0F}.Debug|Any CPU.ActiveCfg = Debug|Any CPU
		{09D59F62-E282-4521-A2A1-E537C1243C0F}.Debug|Any CPU.Build.0 = Debug|Any CPU
		{09D59F62-E282-4521-A2A1-E537C1243C0F}.Release|Any CPU.ActiveCfg = Release|Any CPU
		{09D59F62-E282-4521-A2A1-E537C1243C0F}.Release|Any CPU.Build.0 = Release|Any CPU
	EndGlobalSection
	GlobalSection(SolutionProperties) = preSolution
		HideSolutionNode = FALSE
	EndGlobalSection
	GlobalSection(ExtensibilityGlobals) = postSolution
		SolutionGuid = {65496300-A865-40E6-83FA-8B48412894A0}
	EndGlobalSection
EndGlobal
