
Microsoft Visual Studio Solution File, Format Version 12.00
# Visual Studio Version 17
VisualStudioVersion = 17.1.32210.238
MinimumVisualStudioVersion = 10.0.40219.1
Project("{FAE04EC0-301F-11D3-BF4B-00C04F79EFBC}") = "ADD_Task_1", "ADD_Task_1.csproj", "{47C3B3A1-3291-4845-AEB3-C5E3368FB952}"
EndProject
Global
	GlobalSection(SolutionConfigurationPlatforms) = preSolution
		Debug|Any CPU = Debug|Any CPU
		Release|Any CPU = Release|Any CPU
	EndGlobalSection
	GlobalSection(ProjectConfigurationPlatforms) = postSolution
		{47C3B3A1-3291-4845-AEB3-C5E3368FB952}.Debug|Any CPU.ActiveCfg = Debug|Any CPU
		{47C3B3A1-3291-4845-AEB3-C5E3368FB952}.Debug|Any CPU.Build.0 = Debug|Any CPU
		{47C3B3A1-3291-4845-AEB3-C5E3368FB952}.Release|Any CPU.ActiveCfg = Release|Any CPU
		{47C3B3A1-3291-4845-AEB3-C5E3368FB952}.Release|Any CPU.Build.0 = Release|Any CPU
	EndGlobalSection
	GlobalSection(SolutionProperties) = preSolution
		HideSolutionNode = FALSE
	EndGlobalSection
	GlobalSection(ExtensibilityGlobals) = postSolution
		SolutionGuid = {266FAC5B-C0FF-4882-AC39-A0B9C3ACC73B}
	EndGlobalSection
EndGlobal
